
Microsoft Visual Studio Solution File, Format Version 12.00
# Visual Studio Version 17
VisualStudioVersion = 17.5.002.0
MinimumVisualStudioVersion = 10.0.40219.1
Project("{9A19103F-16F7-4668-BE54-9A1E7A4F7556}") = "ContosoPizza", "ContosoPizza.csproj", "{3D117543-F1AB-41A7-A7C8-BB9F583C1CEA}"
EndProject
Global
	GlobalSection(SolutionConfigurationPlatforms) = preSolution
		Debug|Any CPU = Debug|Any CPU
		Release|Any CPU = Release|Any CPU
	EndGlobalSection
	GlobalSection(ProjectConfigurationPlatforms) = postSolution
		{3D117543-F1AB-41A7-A7C8-BB9F583C1CEA}.Debug|Any CPU.ActiveCfg = Debug|Any CPU
		{3D117543-F1AB-41A7-A7C8-BB9F583C1CEA}.Debug|Any CPU.Build.0 = Debug|Any CPU
		{3D117543-F1AB-41A7-A7C8-BB9F583C1CEA}.Release|Any CPU.ActiveCfg = Release|Any CPU
		{3D117543-F1AB-41A7-A7C8-BB9F583C1CEA}.Release|Any CPU.Build.0 = Release|Any CPU
	EndGlobalSection
	GlobalSection(SolutionProperties) = preSolution
		HideSolutionNode = FALSE
	EndGlobalSection
	GlobalSection(ExtensibilityGlobals) = postSolution
		SolutionGuid = {23CF9357-5498-4CBD-BDC4-726F199591A0}
	EndGlobalSection
EndGlobal
